// !$*UTF8*$!
{
	archiveVersion = 1;
	classes = {
	};
	objectVersion = 46;
	objects = {

/* Begin PBXBuildFile section */
		930EFD6E1A738F1400AF96AF /* AppDelegate.swift in Sources */ = {isa = PBXBuildFile; fileRef = 930EFD6D1A738F1400AF96AF /* AppDelegate.swift */; };
		930EFD731A738F1400AF96AF /* Main.storyboard in Resources */ = {isa = PBXBuildFile; fileRef = 930EFD711A738F1400AF96AF /* Main.storyboard */; };
		930EFD751A738F1400AF96AF /* Images.xcassets in Resources */ = {isa = PBXBuildFile; fileRef = 930EFD741A738F1400AF96AF /* Images.xcassets */; };
		930EFD841A738F1500AF96AF /* CMP_DonateTests.swift in Sources */ = {isa = PBXBuildFile; fileRef = 930EFD831A738F1500AF96AF /* CMP_DonateTests.swift */; };
		930EFD921A738F2F00AF96AF /* Bolts.framework in Frameworks */ = {isa = PBXBuildFile; fileRef = 930EFD8D1A738F2F00AF96AF /* Bolts.framework */; };
		930EFD931A738F2F00AF96AF /* Parse.framework in Frameworks */ = {isa = PBXBuildFile; fileRef = 930EFD8E1A738F2F00AF96AF /* Parse.framework */; };
		930EFD941A738F2F00AF96AF /* ParseCrashReporting.framework in Frameworks */ = {isa = PBXBuildFile; fileRef = 930EFD8F1A738F2F00AF96AF /* ParseCrashReporting.framework */; };
		930EFD951A738F2F00AF96AF /* ParseFacebookUtils.framework in Frameworks */ = {isa = PBXBuildFile; fileRef = 930EFD901A738F2F00AF96AF /* ParseFacebookUtils.framework */; };
		930EFD961A738F2F00AF96AF /* ParseUI.framework in Frameworks */ = {isa = PBXBuildFile; fileRef = 930EFD911A738F2F00AF96AF /* ParseUI.framework */; };
		930EFD991A738FB000AF96AF /* AudioToolbox.framework in Frameworks */ = {isa = PBXBuildFile; fileRef = 930EFD981A738FB000AF96AF /* AudioToolbox.framework */; };
		930EFD9B1A738FC700AF96AF /* CFNetwork.framework in Frameworks */ = {isa = PBXBuildFile; fileRef = 930EFD9A1A738FC700AF96AF /* CFNetwork.framework */; };
		930EFD9D1A738FCD00AF96AF /* CoreGraphics.framework in Frameworks */ = {isa = PBXBuildFile; fileRef = 930EFD9C1A738FCD00AF96AF /* CoreGraphics.framework */; };
		930EFD9F1A738FD200AF96AF /* CoreLocation.framework in Frameworks */ = {isa = PBXBuildFile; fileRef = 930EFD9E1A738FD200AF96AF /* CoreLocation.framework */; };
		930EFDA11A738FDE00AF96AF /* MobileCoreServices.framework in Frameworks */ = {isa = PBXBuildFile; fileRef = 930EFDA01A738FDE00AF96AF /* MobileCoreServices.framework */; };
		930EFDA31A738FE300AF96AF /* QuartzCore.framework in Frameworks */ = {isa = PBXBuildFile; fileRef = 930EFDA21A738FE300AF96AF /* QuartzCore.framework */; };
		930EFDA51A738FE900AF96AF /* Security.framework in Frameworks */ = {isa = PBXBuildFile; fileRef = 930EFDA41A738FE900AF96AF /* Security.framework */; };
		930EFDA71A738FEE00AF96AF /* StoreKit.framework in Frameworks */ = {isa = PBXBuildFile; fileRef = 930EFDA61A738FEE00AF96AF /* StoreKit.framework */; };
		930EFDA91A738FF600AF96AF /* SystemConfiguration.framework in Frameworks */ = {isa = PBXBuildFile; fileRef = 930EFDA81A738FF600AF96AF /* SystemConfiguration.framework */; };
		930EFDAB1A738FFB00AF96AF /* libz.dylib in Frameworks */ = {isa = PBXBuildFile; fileRef = 930EFDAA1A738FFB00AF96AF /* libz.dylib */; };
		930EFDAD1A73900500AF96AF /* libsqlite3.dylib in Frameworks */ = {isa = PBXBuildFile; fileRef = 930EFDAC1A73900500AF96AF /* libsqlite3.dylib */; };
		930EFDAF1A73902A00AF96AF /* FeedViewController.swift in Sources */ = {isa = PBXBuildFile; fileRef = 930EFDAE1A73902A00AF96AF /* FeedViewController.swift */; };
		930EFDB11A73904A00AF96AF /* LoginViewController.swift in Sources */ = {isa = PBXBuildFile; fileRef = 930EFDB01A73904A00AF96AF /* LoginViewController.swift */; };
		930EFDB31A73905600AF96AF /* RegisterViewController.swift in Sources */ = {isa = PBXBuildFile; fileRef = 930EFDB21A73905600AF96AF /* RegisterViewController.swift */; };
		930EFDBA1A73916400AF96AF /* User.swift in Sources */ = {isa = PBXBuildFile; fileRef = 930EFDB91A73916400AF96AF /* User.swift */; };
		930EFDBC1A73916C00AF96AF /* Event.swift in Sources */ = {isa = PBXBuildFile; fileRef = 930EFDBB1A73916C00AF96AF /* Event.swift */; };
		930EFDBE1A73917B00AF96AF /* Film.swift in Sources */ = {isa = PBXBuildFile; fileRef = 930EFDBD1A73917B00AF96AF /* Film.swift */; };
		930EFDC01A73918200AF96AF /* Profile.swift in Sources */ = {isa = PBXBuildFile; fileRef = 930EFDBF1A73918200AF96AF /* Profile.swift */; };
		930EFDC21A73918E00AF96AF /* CrewMember.swift in Sources */ = {isa = PBXBuildFile; fileRef = 930EFDC11A73918E00AF96AF /* CrewMember.swift */; };
		93379F701A857EF70054BAB8 /* CrewCollectionViewCell.swift in Sources */ = {isa = PBXBuildFile; fileRef = 93379F6F1A857EF70054BAB8 /* CrewCollectionViewCell.swift */; };
		9358A11F1A7394DC00CCE374 /* CMPConstants.swift in Sources */ = {isa = PBXBuildFile; fileRef = 9358A11E1A7394DC00CCE374 /* CMPConstants.swift */; };
		9358A1261A739BB100CCE374 /* ProfileViewController.swift in Sources */ = {isa = PBXBuildFile; fileRef = 9358A1251A739BB100CCE374 /* ProfileViewController.swift */; };
		9358A1281A739E1700CCE374 /* UniversalProfile.swift in Sources */ = {isa = PBXBuildFile; fileRef = 9358A1271A739E1700CCE374 /* UniversalProfile.swift */; };
		9358A12A1A741B6500CCE374 /* FeedTableViewCell.swift in Sources */ = {isa = PBXBuildFile; fileRef = 9358A1291A741B6500CCE374 /* FeedTableViewCell.swift */; };
		936477AE1A860D75000042C5 /* DonateTableViewCell.swift in Sources */ = {isa = PBXBuildFile; fileRef = 936477AD1A860D75000042C5 /* DonateTableViewCell.swift */; };
		936C57FD1A75D26B0027343A /* IndividualFilmViewController.swift in Sources */ = {isa = PBXBuildFile; fileRef = 936C57FC1A75D26B0027343A /* IndividualFilmViewController.swift */; };
		936C58001A75E0A90027343A /* AYVibrantButton.m in Sources */ = {isa = PBXBuildFile; fileRef = 936C57FF1A75E0A90027343A /* AYVibrantButton.m */; };
		936C58031A75F2060027343A /* CMPExtensions.swift in Sources */ = {isa = PBXBuildFile; fileRef = 936C58021A75F2060027343A /* CMPExtensions.swift */; };
		936C58071A7607150027343A /* PaymentSelectionViewController.swift in Sources */ = {isa = PBXBuildFile; fileRef = 936C58061A7607150027343A /* PaymentSelectionViewController.swift */; };
		936C58091A760A700027343A /* ProfileTableViewCell.swift in Sources */ = {isa = PBXBuildFile; fileRef = 936C58081A760A700027343A /* ProfileTableViewCell.swift */; };
		936C580D1A76190F0027343A /* FundedFilmTableViewCell.swift in Sources */ = {isa = PBXBuildFile; fileRef = 936C580C1A76190F0027343A /* FundedFilmTableViewCell.swift */; };
		93ED198E1A85DB0100F06FA1 /* CrewTableViewCell.swift in Sources */ = {isa = PBXBuildFile; fileRef = 93ED198D1A85DB0100F06FA1 /* CrewTableViewCell.swift */; };
		93ED19921A85ED0E00F06FA1 /* SynopsisTableViewCell.swift in Sources */ = {isa = PBXBuildFile; fileRef = 93ED19911A85ED0E00F06FA1 /* SynopsisTableViewCell.swift */; };
/* End PBXBuildFile section */

/* Begin PBXContainerItemProxy section */
		930EFD7E1A738F1500AF96AF /* PBXContainerItemProxy */ = {
			isa = PBXContainerItemProxy;
			containerPortal = 930EFD601A738F1400AF96AF /* Project object */;
			proxyType = 1;
			remoteGlobalIDString = 930EFD671A738F1400AF96AF;
			remoteInfo = CMP_Donate;
		};
/* End PBXContainerItemProxy section */

/* Begin PBXFileReference section */
		930EFD681A738F1400AF96AF /* CMP_Donate.app */ = {isa = PBXFileReference; explicitFileType = wrapper.application; includeInIndex = 0; path = CMP_Donate.app; sourceTree = BUILT_PRODUCTS_DIR; };
		930EFD6C1A738F1400AF96AF /* Info.plist */ = {isa = PBXFileReference; lastKnownFileType = text.plist.xml; path = Info.plist; sourceTree = "<group>"; };
		930EFD6D1A738F1400AF96AF /* AppDelegate.swift */ = {isa = PBXFileReference; lastKnownFileType = sourcecode.swift; path = AppDelegate.swift; sourceTree = "<group>"; };
		930EFD721A738F1400AF96AF /* Base */ = {isa = PBXFileReference; lastKnownFileType = file.storyboard; name = Base; path = Base.lproj/Main.storyboard; sourceTree = "<group>"; };
		930EFD741A738F1400AF96AF /* Images.xcassets */ = {isa = PBXFileReference; lastKnownFileType = folder.assetcatalog; path = Images.xcassets; sourceTree = "<group>"; };
		930EFD7D1A738F1500AF96AF /* CMP_DonateTests.xctest */ = {isa = PBXFileReference; explicitFileType = wrapper.cfbundle; includeInIndex = 0; path = CMP_DonateTests.xctest; sourceTree = BUILT_PRODUCTS_DIR; };
		930EFD821A738F1500AF96AF /* Info.plist */ = {isa = PBXFileReference; lastKnownFileType = text.plist.xml; path = Info.plist; sourceTree = "<group>"; };
		930EFD831A738F1500AF96AF /* CMP_DonateTests.swift */ = {isa = PBXFileReference; lastKnownFileType = sourcecode.swift; path = CMP_DonateTests.swift; sourceTree = "<group>"; };
		930EFD8D1A738F2F00AF96AF /* Bolts.framework */ = {isa = PBXFileReference; lastKnownFileType = wrapper.framework; path = Bolts.framework; sourceTree = "<group>"; };
		930EFD8E1A738F2F00AF96AF /* Parse.framework */ = {isa = PBXFileReference; lastKnownFileType = wrapper.framework; path = Parse.framework; sourceTree = "<group>"; };
		930EFD8F1A738F2F00AF96AF /* ParseCrashReporting.framework */ = {isa = PBXFileReference; lastKnownFileType = wrapper.framework; path = ParseCrashReporting.framework; sourceTree = "<group>"; };
		930EFD901A738F2F00AF96AF /* ParseFacebookUtils.framework */ = {isa = PBXFileReference; lastKnownFileType = wrapper.framework; path = ParseFacebookUtils.framework; sourceTree = "<group>"; };
		930EFD911A738F2F00AF96AF /* ParseUI.framework */ = {isa = PBXFileReference; lastKnownFileType = wrapper.framework; path = ParseUI.framework; sourceTree = "<group>"; };
		930EFD981A738FB000AF96AF /* AudioToolbox.framework */ = {isa = PBXFileReference; lastKnownFileType = wrapper.framework; name = AudioToolbox.framework; path = System/Library/Frameworks/AudioToolbox.framework; sourceTree = SDKROOT; };
		930EFD9A1A738FC700AF96AF /* CFNetwork.framework */ = {isa = PBXFileReference; lastKnownFileType = wrapper.framework; name = CFNetwork.framework; path = System/Library/Frameworks/CFNetwork.framework; sourceTree = SDKROOT; };
		930EFD9C1A738FCD00AF96AF /* CoreGraphics.framework */ = {isa = PBXFileReference; lastKnownFileType = wrapper.framework; name = CoreGraphics.framework; path = System/Library/Frameworks/CoreGraphics.framework; sourceTree = SDKROOT; };
		930EFD9E1A738FD200AF96AF /* CoreLocation.framework */ = {isa = PBXFileReference; lastKnownFileType = wrapper.framework; name = CoreLocation.framework; path = System/Library/Frameworks/CoreLocation.framework; sourceTree = SDKROOT; };
		930EFDA01A738FDE00AF96AF /* MobileCoreServices.framework */ = {isa = PBXFileReference; lastKnownFileType = wrapper.framework; name = MobileCoreServices.framework; path = System/Library/Frameworks/MobileCoreServices.framework; sourceTree = SDKROOT; };
		930EFDA21A738FE300AF96AF /* QuartzCore.framework */ = {isa = PBXFileReference; lastKnownFileType = wrapper.framework; name = QuartzCore.framework; path = System/Library/Frameworks/QuartzCore.framework; sourceTree = SDKROOT; };
		930EFDA41A738FE900AF96AF /* Security.framework */ = {isa = PBXFileReference; lastKnownFileType = wrapper.framework; name = Security.framework; path = System/Library/Frameworks/Security.framework; sourceTree = SDKROOT; };
		930EFDA61A738FEE00AF96AF /* StoreKit.framework */ = {isa = PBXFileReference; lastKnownFileType = wrapper.framework; name = StoreKit.framework; path = System/Library/Frameworks/StoreKit.framework; sourceTree = SDKROOT; };
		930EFDA81A738FF600AF96AF /* SystemConfiguration.framework */ = {isa = PBXFileReference; lastKnownFileType = wrapper.framework; name = SystemConfiguration.framework; path = System/Library/Frameworks/SystemConfiguration.framework; sourceTree = SDKROOT; };
		930EFDAA1A738FFB00AF96AF /* libz.dylib */ = {isa = PBXFileReference; lastKnownFileType = "compiled.mach-o.dylib"; name = libz.dylib; path = usr/lib/libz.dylib; sourceTree = SDKROOT; };
		930EFDAC1A73900500AF96AF /* libsqlite3.dylib */ = {isa = PBXFileReference; lastKnownFileType = "compiled.mach-o.dylib"; name = libsqlite3.dylib; path = usr/lib/libsqlite3.dylib; sourceTree = SDKROOT; };
		930EFDAE1A73902A00AF96AF /* FeedViewController.swift */ = {isa = PBXFileReference; fileEncoding = 4; lastKnownFileType = sourcecode.swift; name = FeedViewController.swift; path = ../FeedViewController.swift; sourceTree = "<group>"; };
		930EFDB01A73904A00AF96AF /* LoginViewController.swift */ = {isa = PBXFileReference; fileEncoding = 4; lastKnownFileType = sourcecode.swift; name = LoginViewController.swift; path = ../LoginViewController.swift; sourceTree = "<group>"; };
		930EFDB21A73905600AF96AF /* RegisterViewController.swift */ = {isa = PBXFileReference; fileEncoding = 4; lastKnownFileType = sourcecode.swift; name = RegisterViewController.swift; path = ../RegisterViewController.swift; sourceTree = "<group>"; };
		930EFDB41A7390B100AF96AF /* CMP_Donate-Bridging-Header.h */ = {isa = PBXFileReference; lastKnownFileType = sourcecode.c.h; path = "CMP_Donate-Bridging-Header.h"; sourceTree = "<group>"; };
		930EFDB91A73916400AF96AF /* User.swift */ = {isa = PBXFileReference; fileEncoding = 4; lastKnownFileType = sourcecode.swift; path = User.swift; sourceTree = "<group>"; };
		930EFDBB1A73916C00AF96AF /* Event.swift */ = {isa = PBXFileReference; fileEncoding = 4; lastKnownFileType = sourcecode.swift; path = Event.swift; sourceTree = "<group>"; };
		930EFDBD1A73917B00AF96AF /* Film.swift */ = {isa = PBXFileReference; fileEncoding = 4; lastKnownFileType = sourcecode.swift; path = Film.swift; sourceTree = "<group>"; };
		930EFDBF1A73918200AF96AF /* Profile.swift */ = {isa = PBXFileReference; fileEncoding = 4; lastKnownFileType = sourcecode.swift; path = Profile.swift; sourceTree = "<group>"; };
		930EFDC11A73918E00AF96AF /* CrewMember.swift */ = {isa = PBXFileReference; fileEncoding = 4; lastKnownFileType = sourcecode.swift; path = CrewMember.swift; sourceTree = "<group>"; };
		93379F6F1A857EF70054BAB8 /* CrewCollectionViewCell.swift */ = {isa = PBXFileReference; fileEncoding = 4; lastKnownFileType = sourcecode.swift; path = CrewCollectionViewCell.swift; sourceTree = "<group>"; };
		9358A11E1A7394DC00CCE374 /* CMPConstants.swift */ = {isa = PBXFileReference; fileEncoding = 4; lastKnownFileType = sourcecode.swift; path = CMPConstants.swift; sourceTree = "<group>"; };
		9358A1251A739BB100CCE374 /* ProfileViewController.swift */ = {isa = PBXFileReference; fileEncoding = 4; lastKnownFileType = sourcecode.swift; path = ProfileViewController.swift; sourceTree = "<group>"; };
		9358A1271A739E1700CCE374 /* UniversalProfile.swift */ = {isa = PBXFileReference; fileEncoding = 4; lastKnownFileType = sourcecode.swift; name = UniversalProfile.swift; path = CMP_Donate/UniversalProfile.swift; sourceTree = "<group>"; };
		9358A1291A741B6500CCE374 /* FeedTableViewCell.swift */ = {isa = PBXFileReference; fileEncoding = 4; lastKnownFileType = sourcecode.swift; path = FeedTableViewCell.swift; sourceTree = "<group>"; };
		936477AD1A860D75000042C5 /* DonateTableViewCell.swift */ = {isa = PBXFileReference; fileEncoding = 4; lastKnownFileType = sourcecode.swift; path = DonateTableViewCell.swift; sourceTree = "<group>"; };
		936C57FC1A75D26B0027343A /* IndividualFilmViewController.swift */ = {isa = PBXFileReference; fileEncoding = 4; lastKnownFileType = sourcecode.swift; path = IndividualFilmViewController.swift; sourceTree = "<group>"; };
		936C57FE1A75E0A90027343A /* AYVibrantButton.h */ = {isa = PBXFileReference; fileEncoding = 4; lastKnownFileType = sourcecode.c.h; path = AYVibrantButton.h; sourceTree = "<group>"; };
		936C57FF1A75E0A90027343A /* AYVibrantButton.m */ = {isa = PBXFileReference; fileEncoding = 4; lastKnownFileType = sourcecode.c.objc; path = AYVibrantButton.m; sourceTree = "<group>"; };
		936C58021A75F2060027343A /* CMPExtensions.swift */ = {isa = PBXFileReference; fileEncoding = 4; lastKnownFileType = sourcecode.swift; path = CMPExtensions.swift; sourceTree = "<group>"; };
		936C58061A7607150027343A /* PaymentSelectionViewController.swift */ = {isa = PBXFileReference; fileEncoding = 4; lastKnownFileType = sourcecode.swift; path = PaymentSelectionViewController.swift; sourceTree = "<group>"; };
		936C58081A760A700027343A /* ProfileTableViewCell.swift */ = {isa = PBXFileReference; fileEncoding = 4; lastKnownFileType = sourcecode.swift; path = ProfileTableViewCell.swift; sourceTree = "<group>"; };
		936C580C1A76190F0027343A /* FundedFilmTableViewCell.swift */ = {isa = PBXFileReference; fileEncoding = 4; lastKnownFileType = sourcecode.swift; path = FundedFilmTableViewCell.swift; sourceTree = "<group>"; };
		93ED198D1A85DB0100F06FA1 /* CrewTableViewCell.swift */ = {isa = PBXFileReference; fileEncoding = 4; lastKnownFileType = sourcecode.swift; path = CrewTableViewCell.swift; sourceTree = "<group>"; };
		93ED19911A85ED0E00F06FA1 /* SynopsisTableViewCell.swift */ = {isa = PBXFileReference; fileEncoding = 4; lastKnownFileType = sourcecode.swift; path = SynopsisTableViewCell.swift; sourceTree = "<group>"; };
/* End PBXFileReference section */

/* Begin PBXFrameworksBuildPhase section */
		930EFD651A738F1400AF96AF /* Frameworks */ = {
			isa = PBXFrameworksBuildPhase;
			buildActionMask = 2147483647;
			files = (
				930EFDAD1A73900500AF96AF /* libsqlite3.dylib in Frameworks */,
				930EFDAB1A738FFB00AF96AF /* libz.dylib in Frameworks */,
				930EFDA91A738FF600AF96AF /* SystemConfiguration.framework in Frameworks */,
				930EFDA71A738FEE00AF96AF /* StoreKit.framework in Frameworks */,
				930EFDA51A738FE900AF96AF /* Security.framework in Frameworks */,
				930EFDA31A738FE300AF96AF /* QuartzCore.framework in Frameworks */,
				930EFDA11A738FDE00AF96AF /* MobileCoreServices.framework in Frameworks */,
				930EFD9F1A738FD200AF96AF /* CoreLocation.framework in Frameworks */,
				930EFD9D1A738FCD00AF96AF /* CoreGraphics.framework in Frameworks */,
				930EFD9B1A738FC700AF96AF /* CFNetwork.framework in Frameworks */,
				930EFD991A738FB000AF96AF /* AudioToolbox.framework in Frameworks */,
				930EFD931A738F2F00AF96AF /* Parse.framework in Frameworks */,
				930EFD941A738F2F00AF96AF /* ParseCrashReporting.framework in Frameworks */,
				930EFD961A738F2F00AF96AF /* ParseUI.framework in Frameworks */,
				930EFD951A738F2F00AF96AF /* ParseFacebookUtils.framework in Frameworks */,
				930EFD921A738F2F00AF96AF /* Bolts.framework in Frameworks */,
			);
			runOnlyForDeploymentPostprocessing = 0;
		};
		930EFD7A1A738F1500AF96AF /* Frameworks */ = {
			isa = PBXFrameworksBuildPhase;
			buildActionMask = 2147483647;
			files = (
			);
			runOnlyForDeploymentPostprocessing = 0;
		};
/* End PBXFrameworksBuildPhase section */

/* Begin PBXGroup section */
		930EFD5F1A738F1400AF96AF = {
			isa = PBXGroup;
			children = (
				930EFD6A1A738F1400AF96AF /* CMP_Donate */,
				930EFD801A738F1500AF96AF /* CMP_DonateTests */,
				930EFD691A738F1400AF96AF /* Products */,
			);
			sourceTree = "<group>";
		};
		930EFD691A738F1400AF96AF /* Products */ = {
			isa = PBXGroup;
			children = (
				930EFD681A738F1400AF96AF /* CMP_Donate.app */,
				930EFD7D1A738F1500AF96AF /* CMP_DonateTests.xctest */,
			);
			name = Products;
			sourceTree = "<group>";
		};
		930EFD6A1A738F1400AF96AF /* CMP_Donate */ = {
			isa = PBXGroup;
			children = (
				930EFD6D1A738F1400AF96AF /* AppDelegate.swift */,
				930EFD711A738F1400AF96AF /* Main.storyboard */,
				9358A1211A73950200CCE374 /* Utilities */,
				9358A1201A7394F600CCE374 /* Data Model */,
				930EFDB81A73910000AF96AF /* ViewControllers */,
				9358A12B1A741B6E00CCE374 /* Custom Cells */,
				936C58011A75E1080027343A /* Third Party UI */,
				930EFD741A738F1400AF96AF /* Images.xcassets */,
				930EFD971A738F3800AF96AF /* Frameworks */,
				930EFD6B1A738F1400AF96AF /* Supporting Files */,
				930EFDB41A7390B100AF96AF /* CMP_Donate-Bridging-Header.h */,
			);
			path = CMP_Donate;
			sourceTree = "<group>";
		};
		930EFD6B1A738F1400AF96AF /* Supporting Files */ = {
			isa = PBXGroup;
			children = (
				930EFD6C1A738F1400AF96AF /* Info.plist */,
			);
			name = "Supporting Files";
			sourceTree = "<group>";
		};
		930EFD801A738F1500AF96AF /* CMP_DonateTests */ = {
			isa = PBXGroup;
			children = (
				930EFD831A738F1500AF96AF /* CMP_DonateTests.swift */,
				930EFD811A738F1500AF96AF /* Supporting Files */,
			);
			path = CMP_DonateTests;
			sourceTree = "<group>";
		};
		930EFD811A738F1500AF96AF /* Supporting Files */ = {
			isa = PBXGroup;
			children = (
				930EFD821A738F1500AF96AF /* Info.plist */,
			);
			name = "Supporting Files";
			sourceTree = "<group>";
		};
		930EFD971A738F3800AF96AF /* Frameworks */ = {
			isa = PBXGroup;
			children = (
				930EFDAC1A73900500AF96AF /* libsqlite3.dylib */,
				930EFDAA1A738FFB00AF96AF /* libz.dylib */,
				930EFDA81A738FF600AF96AF /* SystemConfiguration.framework */,
				930EFDA61A738FEE00AF96AF /* StoreKit.framework */,
				930EFDA41A738FE900AF96AF /* Security.framework */,
				930EFDA21A738FE300AF96AF /* QuartzCore.framework */,
				930EFDA01A738FDE00AF96AF /* MobileCoreServices.framework */,
				930EFD9E1A738FD200AF96AF /* CoreLocation.framework */,
				930EFD9C1A738FCD00AF96AF /* CoreGraphics.framework */,
				930EFD9A1A738FC700AF96AF /* CFNetwork.framework */,
				930EFD981A738FB000AF96AF /* AudioToolbox.framework */,
				930EFD8D1A738F2F00AF96AF /* Bolts.framework */,
				930EFD8E1A738F2F00AF96AF /* Parse.framework */,
				930EFD8F1A738F2F00AF96AF /* ParseCrashReporting.framework */,
				930EFD901A738F2F00AF96AF /* ParseFacebookUtils.framework */,
				930EFD911A738F2F00AF96AF /* ParseUI.framework */,
			);
			name = Frameworks;
			path = ..;
			sourceTree = "<group>";
		};
		930EFDB81A73910000AF96AF /* ViewControllers */ = {
			isa = PBXGroup;
			children = (
				930EFDAE1A73902A00AF96AF /* FeedViewController.swift */,
				936C57FC1A75D26B0027343A /* IndividualFilmViewController.swift */,
				930EFDB21A73905600AF96AF /* RegisterViewController.swift */,
				930EFDB01A73904A00AF96AF /* LoginViewController.swift */,
				9358A1251A739BB100CCE374 /* ProfileViewController.swift */,
				936C58061A7607150027343A /* PaymentSelectionViewController.swift */,
			);
			name = ViewControllers;
			sourceTree = "<group>";
		};
		9358A1201A7394F600CCE374 /* Data Model */ = {
			isa = PBXGroup;
			children = (
				930EFDB91A73916400AF96AF /* User.swift */,
				9358A1271A739E1700CCE374 /* UniversalProfile.swift */,
				930EFDBB1A73916C00AF96AF /* Event.swift */,
				930EFDBD1A73917B00AF96AF /* Film.swift */,
				930EFDBF1A73918200AF96AF /* Profile.swift */,
				930EFDC11A73918E00AF96AF /* CrewMember.swift */,
			);
			name = "Data Model";
			path = ..;
			sourceTree = "<group>";
		};
		9358A1211A73950200CCE374 /* Utilities */ = {
			isa = PBXGroup;
			children = (
				9358A11E1A7394DC00CCE374 /* CMPConstants.swift */,
				936C58021A75F2060027343A /* CMPExtensions.swift */,
			);
			name = Utilities;
			path = ..;
			sourceTree = "<group>";
		};
		9358A12B1A741B6E00CCE374 /* Custom Cells */ = {
			isa = PBXGroup;
			children = (
				9358A1291A741B6500CCE374 /* FeedTableViewCell.swift */,
				936C58081A760A700027343A /* ProfileTableViewCell.swift */,
				936C580C1A76190F0027343A /* FundedFilmTableViewCell.swift */,
				93379F6F1A857EF70054BAB8 /* CrewCollectionViewCell.swift */,
				93ED198D1A85DB0100F06FA1 /* CrewTableViewCell.swift */,
				93ED19911A85ED0E00F06FA1 /* SynopsisTableViewCell.swift */,
				936477AD1A860D75000042C5 /* DonateTableViewCell.swift */,
			);
			name = "Custom Cells";
			sourceTree = "<group>";
		};
		936C58011A75E1080027343A /* Third Party UI */ = {
			isa = PBXGroup;
			children = (
				936C57FE1A75E0A90027343A /* AYVibrantButton.h */,
				936C57FF1A75E0A90027343A /* AYVibrantButton.m */,
			);
			name = "Third Party UI";
			path = ..;
			sourceTree = "<group>";
		};
/* End PBXGroup section */

/* Begin PBXNativeTarget section */
		930EFD671A738F1400AF96AF /* CMP_Donate */ = {
			isa = PBXNativeTarget;
			buildConfigurationList = 930EFD871A738F1500AF96AF /* Build configuration list for PBXNativeTarget "CMP_Donate" */;
			buildPhases = (
				930EFD641A738F1400AF96AF /* Sources */,
				930EFD651A738F1400AF96AF /* Frameworks */,
				930EFD661A738F1400AF96AF /* Resources */,
			);
			buildRules = (
			);
			dependencies = (
			);
			name = CMP_Donate;
			productName = CMP_Donate;
			productReference = 930EFD681A738F1400AF96AF /* CMP_Donate.app */;
			productType = "com.apple.product-type.application";
		};
		930EFD7C1A738F1500AF96AF /* CMP_DonateTests */ = {
			isa = PBXNativeTarget;
			buildConfigurationList = 930EFD8A1A738F1500AF96AF /* Build configuration list for PBXNativeTarget "CMP_DonateTests" */;
			buildPhases = (
				930EFD791A738F1500AF96AF /* Sources */,
				930EFD7A1A738F1500AF96AF /* Frameworks */,
				930EFD7B1A738F1500AF96AF /* Resources */,
			);
			buildRules = (
			);
			dependencies = (
				930EFD7F1A738F1500AF96AF /* PBXTargetDependency */,
			);
			name = CMP_DonateTests;
			productName = CMP_DonateTests;
			productReference = 930EFD7D1A738F1500AF96AF /* CMP_DonateTests.xctest */;
			productType = "com.apple.product-type.bundle.unit-test";
		};
/* End PBXNativeTarget section */

/* Begin PBXProject section */
		930EFD601A738F1400AF96AF /* Project object */ = {
			isa = PBXProject;
			attributes = {
				LastUpgradeCheck = 0610;
				ORGANIZATIONNAME = mobilemakers;
				TargetAttributes = {
					930EFD671A738F1400AF96AF = {
						CreatedOnToolsVersion = 6.1.1;
					};
					930EFD7C1A738F1500AF96AF = {
						CreatedOnToolsVersion = 6.1.1;
						TestTargetID = 930EFD671A738F1400AF96AF;
					};
				};
			};
			buildConfigurationList = 930EFD631A738F1400AF96AF /* Build configuration list for PBXProject "CMP_Donate" */;
			compatibilityVersion = "Xcode 3.2";
			developmentRegion = English;
			hasScannedForEncodings = 0;
			knownRegions = (
				en,
				Base,
			);
			mainGroup = 930EFD5F1A738F1400AF96AF;
			productRefGroup = 930EFD691A738F1400AF96AF /* Products */;
			projectDirPath = "";
			projectRoot = "";
			targets = (
				930EFD671A738F1400AF96AF /* CMP_Donate */,
				930EFD7C1A738F1500AF96AF /* CMP_DonateTests */,
			);
		};
/* End PBXProject section */

/* Begin PBXResourcesBuildPhase section */
		930EFD661A738F1400AF96AF /* Resources */ = {
			isa = PBXResourcesBuildPhase;
			buildActionMask = 2147483647;
			files = (
				930EFD731A738F1400AF96AF /* Main.storyboard in Resources */,
				930EFD751A738F1400AF96AF /* Images.xcassets in Resources */,
			);
			runOnlyForDeploymentPostprocessing = 0;
		};
		930EFD7B1A738F1500AF96AF /* Resources */ = {
			isa = PBXResourcesBuildPhase;
			buildActionMask = 2147483647;
			files = (
			);
			runOnlyForDeploymentPostprocessing = 0;
		};
/* End PBXResourcesBuildPhase section */

/* Begin PBXSourcesBuildPhase section */
		930EFD641A738F1400AF96AF /* Sources */ = {
			isa = PBXSourcesBuildPhase;
			buildActionMask = 2147483647;
			files = (
				936C58071A7607150027343A /* PaymentSelectionViewController.swift in Sources */,
				930EFDB11A73904A00AF96AF /* LoginViewController.swift in Sources */,
				93ED198E1A85DB0100F06FA1 /* CrewTableViewCell.swift in Sources */,
				930EFDC01A73918200AF96AF /* Profile.swift in Sources */,
				936C58091A760A700027343A /* ProfileTableViewCell.swift in Sources */,
				930EFDAF1A73902A00AF96AF /* FeedViewController.swift in Sources */,
				930EFD6E1A738F1400AF96AF /* AppDelegate.swift in Sources */,
				930EFDC21A73918E00AF96AF /* CrewMember.swift in Sources */,
				9358A12A1A741B6500CCE374 /* FeedTableViewCell.swift in Sources */,
				930EFDBA1A73916400AF96AF /* User.swift in Sources */,
				936477AE1A860D75000042C5 /* DonateTableViewCell.swift in Sources */,
				936C58001A75E0A90027343A /* AYVibrantButton.m in Sources */,
				9358A1261A739BB100CCE374 /* ProfileViewController.swift in Sources */,
				9358A1281A739E1700CCE374 /* UniversalProfile.swift in Sources */,
				936C57FD1A75D26B0027343A /* IndividualFilmViewController.swift in Sources */,
				930EFDBC1A73916C00AF96AF /* Event.swift in Sources */,
				93ED19921A85ED0E00F06FA1 /* SynopsisTableViewCell.swift in Sources */,
				930EFDB31A73905600AF96AF /* RegisterViewController.swift in Sources */,
				93379F701A857EF70054BAB8 /* CrewCollectionViewCell.swift in Sources */,
				9358A11F1A7394DC00CCE374 /* CMPConstants.swift in Sources */,
				936C58031A75F2060027343A /* CMPExtensions.swift in Sources */,
				930EFDBE1A73917B00AF96AF /* Film.swift in Sources */,
				936C580D1A76190F0027343A /* FundedFilmTableViewCell.swift in Sources */,
			);
			runOnlyForDeploymentPostprocessing = 0;
		};
		930EFD791A738F1500AF96AF /* Sources */ = {
			isa = PBXSourcesBuildPhase;
			buildActionMask = 2147483647;
			files = (
				930EFD841A738F1500AF96AF /* CMP_DonateTests.swift in Sources */,
			);
			runOnlyForDeploymentPostprocessing = 0;
		};
/* End PBXSourcesBuildPhase section */

/* Begin PBXTargetDependency section */
		930EFD7F1A738F1500AF96AF /* PBXTargetDependency */ = {
			isa = PBXTargetDependency;
			target = 930EFD671A738F1400AF96AF /* CMP_Donate */;
			targetProxy = 930EFD7E1A738F1500AF96AF /* PBXContainerItemProxy */;
		};
/* End PBXTargetDependency section */

/* Begin PBXVariantGroup section */
		930EFD711A738F1400AF96AF /* Main.storyboard */ = {
			isa = PBXVariantGroup;
			children = (
				930EFD721A738F1400AF96AF /* Base */,
			);
			name = Main.storyboard;
			sourceTree = "<group>";
		};
/* End PBXVariantGroup section */

/* Begin XCBuildConfiguration section */
		930EFD851A738F1500AF96AF /* Debug */ = {
			isa = XCBuildConfiguration;
			buildSettings = {
				ALWAYS_SEARCH_USER_PATHS = NO;
				CLANG_CXX_LANGUAGE_STANDARD = "gnu++0x";
				CLANG_CXX_LIBRARY = "libc++";
				CLANG_ENABLE_MODULES = YES;
				CLANG_ENABLE_OBJC_ARC = YES;
				CLANG_WARN_BOOL_CONVERSION = YES;
				CLANG_WARN_CONSTANT_CONVERSION = YES;
				CLANG_WARN_DIRECT_OBJC_ISA_USAGE = YES_ERROR;
				CLANG_WARN_EMPTY_BODY = YES;
				CLANG_WARN_ENUM_CONVERSION = YES;
				CLANG_WARN_INT_CONVERSION = YES;
				CLANG_WARN_OBJC_ROOT_CLASS = YES_ERROR;
				CLANG_WARN_UNREACHABLE_CODE = YES;
				CLANG_WARN__DUPLICATE_METHOD_MATCH = YES;
				"CODE_SIGN_IDENTITY[sdk=iphoneos*]" = "iPhone Developer";
				COPY_PHASE_STRIP = NO;
				ENABLE_STRICT_OBJC_MSGSEND = YES;
				GCC_C_LANGUAGE_STANDARD = gnu99;
				GCC_DYNAMIC_NO_PIC = NO;
				GCC_OPTIMIZATION_LEVEL = 0;
				GCC_PREPROCESSOR_DEFINITIONS = (
					"DEBUG=1",
					"$(inherited)",
				);
				GCC_SYMBOLS_PRIVATE_EXTERN = NO;
				GCC_WARN_64_TO_32_BIT_CONVERSION = YES;
				GCC_WARN_ABOUT_RETURN_TYPE = YES_ERROR;
				GCC_WARN_UNDECLARED_SELECTOR = YES;
				GCC_WARN_UNINITIALIZED_AUTOS = YES_AGGRESSIVE;
				GCC_WARN_UNUSED_FUNCTION = YES;
				GCC_WARN_UNUSED_VARIABLE = YES;
				IPHONEOS_DEPLOYMENT_TARGET = 8.1;
				MTL_ENABLE_DEBUG_INFO = YES;
				ONLY_ACTIVE_ARCH = YES;
				SDKROOT = iphoneos;
				SWIFT_OPTIMIZATION_LEVEL = "-Onone";
			};
			name = Debug;
		};
		930EFD861A738F1500AF96AF /* Release */ = {
			isa = XCBuildConfiguration;
			buildSettings = {
				ALWAYS_SEARCH_USER_PATHS = NO;
				CLANG_CXX_LANGUAGE_STANDARD = "gnu++0x";
				CLANG_CXX_LIBRARY = "libc++";
				CLANG_ENABLE_MODULES = YES;
				CLANG_ENABLE_OBJC_ARC = YES;
				CLANG_WARN_BOOL_CONVERSION = YES;
				CLANG_WARN_CONSTANT_CONVERSION = YES;
				CLANG_WARN_DIRECT_OBJC_ISA_USAGE = YES_ERROR;
				CLANG_WARN_EMPTY_BODY = YES;
				CLANG_WARN_ENUM_CONVERSION = YES;
				CLANG_WARN_INT_CONVERSION = YES;
				CLANG_WARN_OBJC_ROOT_CLASS = YES_ERROR;
				CLANG_WARN_UNREACHABLE_CODE = YES;
				CLANG_WARN__DUPLICATE_METHOD_MATCH = YES;
				"CODE_SIGN_IDENTITY[sdk=iphoneos*]" = "iPhone Developer";
				COPY_PHASE_STRIP = YES;
				ENABLE_NS_ASSERTIONS = NO;
				ENABLE_STRICT_OBJC_MSGSEND = YES;
				GCC_C_LANGUAGE_STANDARD = gnu99;
				GCC_WARN_64_TO_32_BIT_CONVERSION = YES;
				GCC_WARN_ABOUT_RETURN_TYPE = YES_ERROR;
				GCC_WARN_UNDECLARED_SELECTOR = YES;
				GCC_WARN_UNINITIALIZED_AUTOS = YES_AGGRESSIVE;
				GCC_WARN_UNUSED_FUNCTION = YES;
				GCC_WARN_UNUSED_VARIABLE = YES;
				IPHONEOS_DEPLOYMENT_TARGET = 8.1;
				MTL_ENABLE_DEBUG_INFO = NO;
				SDKROOT = iphoneos;
				VALIDATE_PRODUCT = YES;
			};
			name = Release;
		};
		930EFD881A738F1500AF96AF /* Debug */ = {
			isa = XCBuildConfiguration;
			buildSettings = {
				ASSETCATALOG_COMPILER_APPICON_NAME = AppIcon;
				ASSETCATALOG_COMPILER_LAUNCHIMAGE_NAME = LaunchImage;
				CLANG_ENABLE_MODULES = YES;
				FRAMEWORK_SEARCH_PATHS = (
					"$(inherited)",
					"$(PROJECT_DIR)",
				);
				INFOPLIST_FILE = CMP_Donate/Info.plist;
				LD_RUNPATH_SEARCH_PATHS = "$(inherited) @executable_path/Frameworks";
				PRODUCT_NAME = "$(TARGET_NAME)";
				SWIFT_OBJC_BRIDGING_HEADER = "CMP_Donate/CMP_Donate-Bridging-Header.h";
				SWIFT_OPTIMIZATION_LEVEL = "-Onone";
			};
			name = Debug;
		};
		930EFD891A738F1500AF96AF /* Release */ = {
			isa = XCBuildConfiguration;
			buildSettings = {
				ASSETCATALOG_COMPILER_APPICON_NAME = AppIcon;
				ASSETCATALOG_COMPILER_LAUNCHIMAGE_NAME = LaunchImage;
				CLANG_ENABLE_MODULES = YES;
				FRAMEWORK_SEARCH_PATHS = (
					"$(inherited)",
					"$(PROJECT_DIR)",
				);
				INFOPLIST_FILE = CMP_Donate/Info.plist;
				LD_RUNPATH_SEARCH_PATHS = "$(inherited) @executable_path/Frameworks";
				PRODUCT_NAME = "$(TARGET_NAME)";
				SWIFT_OBJC_BRIDGING_HEADER = "CMP_Donate/CMP_Donate-Bridging-Header.h";
			};
			name = Release;
		};
		930EFD8B1A738F1500AF96AF /* Debug */ = {
			isa = XCBuildConfiguration;
			buildSettings = {
				BUNDLE_LOADER = "$(TEST_HOST)";
				FRAMEWORK_SEARCH_PATHS = (
					"$(SDKROOT)/Developer/Library/Frameworks",
					"$(inherited)",
				);
				GCC_PREPROCESSOR_DEFINITIONS = (
					"DEBUG=1",
					"$(inherited)",
				);
				INFOPLIST_FILE = CMP_DonateTests/Info.plist;
				LD_RUNPATH_SEARCH_PATHS = "$(inherited) @executable_path/Frameworks @loader_path/Frameworks";
				PRODUCT_NAME = "$(TARGET_NAME)";
				TEST_HOST = "$(BUILT_PRODUCTS_DIR)/CMP_Donate.app/CMP_Donate";
			};
			name = Debug;
		};
		930EFD8C1A738F1500AF96AF /* Release */ = {
			isa = XCBuildConfiguration;
			buildSettings = {
				BUNDLE_LOADER = "$(TEST_HOST)";
				FRAMEWORK_SEARCH_PATHS = (
					"$(SDKROOT)/Developer/Library/Frameworks",
					"$(inherited)",
				);
				INFOPLIST_FILE = CMP_DonateTests/Info.plist;
				LD_RUNPATH_SEARCH_PATHS = "$(inherited) @executable_path/Frameworks @loader_path/Frameworks";
				PRODUCT_NAME = "$(TARGET_NAME)";
				TEST_HOST = "$(BUILT_PRODUCTS_DIR)/CMP_Donate.app/CMP_Donate";
			};
			name = Release;
		};
/* End XCBuildConfiguration section */

/* Begin XCConfigurationList section */
		930EFD631A738F1400AF96AF /* Build configuration list for PBXProject "CMP_Donate" */ = {
			isa = XCConfigurationList;
			buildConfigurations = (
				930EFD851A738F1500AF96AF /* Debug */,
				930EFD861A738F1500AF96AF /* Release */,
			);
			defaultConfigurationIsVisible = 0;
			defaultConfigurationName = Release;
		};
		930EFD871A738F1500AF96AF /* Build configuration list for PBXNativeTarget "CMP_Donate" */ = {
			isa = XCConfigurationList;
			buildConfigurations = (
				930EFD881A738F1500AF96AF /* Debug */,
				930EFD891A738F1500AF96AF /* Release */,
			);
			defaultConfigurationIsVisible = 0;
			defaultConfigurationName = Release;
		};
		930EFD8A1A738F1500AF96AF /* Build configuration list for PBXNativeTarget "CMP_DonateTests" */ = {
			isa = XCConfigurationList;
			buildConfigurations = (
				930EFD8B1A738F1500AF96AF /* Debug */,
				930EFD8C1A738F1500AF96AF /* Release */,
			);
			defaultConfigurationIsVisible = 0;
			defaultConfigurationName = Release;
		};
/* End XCConfigurationList section */
	};
	rootObject = 930EFD601A738F1400AF96AF /* Project object */;
}
